
Microsoft Visual Studio Solution File, Format Version 12.00
# Visual Studio Version 17
VisualStudioVersion = 17.14.36221.1
MinimumVisualStudioVersion = 10.0.40219.1
Project("{8BC9CEB8-8B4A-11D0-8D11-00A0C91BC942}") = "WinAPI", "WinAPI\WinAPI.vcxproj", "{8B72AF7A-E9DA-4AB5-87A0-EAD75FBC51AB}"
EndProject
Project("{8BC9CEB8-8B4A-11D0-8D11-00A0C91BC942}") = "ComboBox", "ComboBox\ComboBox.vcxproj", "{08E45230-8992-4C80-9591-C4E4D28D5730}"
EndProject
Project("{8BC9CEB8-8B4A-11D0-8D11-00A0C91BC942}") = "ListBox", "ListBox\ListBox.vcxproj", "{F40AD4AC-52AC-4AF5-9D4B-6255BABEDDF4}"
EndProject
Project("{8BC9CEB8-8B4A-11D0-8D11-00A0C91BC942}") = "Calc", "Calc\Calc.vcxproj", "{59A1EE4A-EA2E-4210-80CC-D976B9C52F05}"
EndProject
Global
	GlobalSection(SolutionConfigurationPlatforms) = preSolution
		Debug|x64 = Debug|x64
		Debug|x86 = Debug|x86
		Release|x64 = Release|x64
		Release|x86 = Release|x86
	EndGlobalSection
	GlobalSection(ProjectConfigurationPlatforms) = postSolution
		{8B72AF7A-E9DA-4AB5-87A0-EAD75FBC51AB}.Debug|x64.ActiveCfg = Debug|x64
		{8B72AF7A-E9DA-4AB5-87A0-EAD75FBC51AB}.Debug|x64.Build.0 = Debug|x64
		{8B72AF7A-E9DA-4AB5-87A0-EAD75FBC51AB}.Debug|x86.ActiveCfg = Debug|Win32
		{8B72AF7A-E9DA-4AB5-87A0-EAD75FBC51AB}.Debug|x86.Build.0 = Debug|Win32
		{8B72AF7A-E9DA-4AB5-87A0-EAD75FBC51AB}.Release|x64.ActiveCfg = Release|x64
		{8B72AF7A-E9DA-4AB5-87A0-EAD75FBC51AB}.Release|x64.Build.0 = Release|x64
		{8B72AF7A-E9DA-4AB5-87A0-EAD75FBC51AB}.Release|x86.ActiveCfg = Release|Win32
		{8B72AF7A-E9DA-4AB5-87A0-EAD75FBC51AB}.Release|x86.Build.0 = Release|Win32
		{08E45230-8992-4C80-9591-C4E4D28D5730}.Debug|x64.ActiveCfg = Debug|x64
		{08E45230-8992-4C80-9591-C4E4D28D5730}.Debug|x64.Build.0 = Debug|x64
		{08E45230-8992-4C80-9591-C4E4D28D5730}.Debug|x86.ActiveCfg = Debug|Win32
		{08E45230-8992-4C80-9591-C4E4D28D5730}.Debug|x86.Build.0 = Debug|Win32
		{08E45230-8992-4C80-9591-C4E4D28D5730}.Release|x64.ActiveCfg = Release|x64
		{08E45230-8992-4C80-9591-C4E4D28D5730}.Release|x64.Build.0 = Release|x64
		{08E45230-8992-4C80-9591-C4E4D28D5730}.Release|x86.ActiveCfg = Release|Win32
		{08E45230-8992-4C80-9591-C4E4D28D5730}.Release|x86.Build.0 = Release|Win32
		{F40AD4AC-52AC-4AF5-9D4B-6255BABEDDF4}.Debug|x64.ActiveCfg = Debug|x64
		{F40AD4AC-52AC-4AF5-9D4B-6255BABEDDF4}.Debug|x64.Build.0 = Debug|x64
		{F40AD4AC-52AC-4AF5-9D4B-6255BABEDDF4}.Debug|x86.ActiveCfg = Debug|Win32
		{F40AD4AC-52AC-4AF5-9D4B-6255BABEDDF4}.Debug|x86.Build.0 = Debug|Win32
		{F40AD4AC-52AC-4AF5-9D4B-6255BABEDDF4}.Release|x64.ActiveCfg = Release|x64
		{F40AD4AC-52AC-4AF5-9D4B-6255BABEDDF4}.Release|x64.Build.0 = Release|x64
		{F40AD4AC-52AC-4AF5-9D4B-6255BABEDDF4}.Release|x86.ActiveCfg = Release|Win32
		{F40AD4AC-52AC-4AF5-9D4B-6255BABEDDF4}.Release|x86.Build.0 = Release|Win32
		{59A1EE4A-EA2E-4210-80CC-D976B9C52F05}.Debug|x64.ActiveCfg = Debug|x64
		{59A1EE4A-EA2E-4210-80CC-D976B9C52F05}.Debug|x64.Build.0 = Debug|x64
		{59A1EE4A-EA2E-4210-80CC-D976B9C52F05}.Debug|x86.ActiveCfg = Debug|Win32
		{59A1EE4A-EA2E-4210-80CC-D976B9C52F05}.Debug|x86.Build.0 = Debug|Win32
		{59A1EE4A-EA2E-4210-80CC-D976B9C52F05}.Release|x64.ActiveCfg = Release|x64
		{59A1EE4A-EA2E-4210-80CC-D976B9C52F05}.Release|x64.Build.0 = Release|x64
		{59A1EE4A-EA2E-4210-80CC-D976B9C52F05}.Release|x86.ActiveCfg = Release|Win32
		{59A1EE4A-EA2E-4210-80CC-D976B9C52F05}.Release|x86.Build.0 = Release|Win32
	EndGlobalSection
	GlobalSection(SolutionProperties) = preSolution
		HideSolutionNode = FALSE
	EndGlobalSection
	GlobalSection(ExtensibilityGlobals) = postSolution
		SolutionGuid = {F5DEB1F9-4BDF-4E74-A24B-4B34B983E0AE}
	EndGlobalSection
EndGlobal
